{
  "name": "Bulk-NBT-JSON",
  "lockfileVersion": 2,
  "requires": true,
  "packages": {
    "": {
      "dependencies": {
        "nbt-parser": "github:Offroaders123/NBT-Parser#exp-node-fork"
      }
    },
    "node_modules/nbt-parser": {
      "resolved": "git+ssh://git@github.com/Offroaders123/NBT-Parser.git#a2da735b191ed60fed54937a3357dad0a8071a6f"
    }
  },
  "dependencies": {
    "nbt-parser": {
      "version": "git+ssh://git@github.com/Offroaders123/NBT-Parser.git#a2da735b191ed60fed54937a3357dad0a8071a6f",
      "from": "nbt-parser@Offroaders123/NBT-Parser#exp-node-fork"
    }
  }
}