{
  "name": "Bulk-NBT-JSON",
  "lockfileVersion": 2,
  "requires": true,
  "packages": {
    "": {
      "dependencies": {
        "nbt-parser": "github:Offroaders123/NBT-Parser#exp-modulate"
      }
    },
    "node_modules/nbt-parser": {
      "version": "0.3.1",
      "resolved": "git+ssh://git@github.com/Offroaders123/NBT-Parser.git#6e8557344f098ac63a806d9b2322e24bd3c1da41",
      "license": "MIT"
    }
  },
  "dependencies": {
    "nbt-parser": {
      "version": "git+ssh://git@github.com/Offroaders123/NBT-Parser.git#6e8557344f098ac63a806d9b2322e24bd3c1da41",
      "from": "nbt-parser@github:Offroaders123/NBT-Parser#exp-modulate"
    }
  }
}